
Microsoft Visual Studio Solution File, Format Version 12.00
# Visual Studio Version 17
VisualStudioVersion = 17.1.32328.378
MinimumVisualStudioVersion = 10.0.40219.1
Project("{FAE04EC0-301F-11D3-BF4B-00C04F79EFBC}") = "Transformador.API", "Transformador.API\Transformador.API.csproj", "{BCB29A1D-DAA1-4218-B547-483BBD21D340}"
EndProject
Global
	GlobalSection(SolutionConfigurationPlatforms) = preSolution
		Debug|Any CPU = Debug|Any CPU
		Release|Any CPU = Release|Any CPU
	EndGlobalSection
	GlobalSection(ProjectConfigurationPlatforms) = postSolution
		{BCB29A1D-DAA1-4218-B547-483BBD21D340}.Debug|Any CPU.ActiveCfg = Debug|Any CPU
		{BCB29A1D-DAA1-4218-B547-483BBD21D340}.Debug|Any CPU.Build.0 = Debug|Any CPU
		{BCB29A1D-DAA1-4218-B547-483BBD21D340}.Release|Any CPU.ActiveCfg = Release|Any CPU
		{BCB29A1D-DAA1-4218-B547-483BBD21D340}.Release|Any CPU.Build.0 = Release|Any CPU
	EndGlobalSection
	GlobalSection(SolutionProperties) = preSolution
		HideSolutionNode = FALSE
	EndGlobalSection
	GlobalSection(ExtensibilityGlobals) = postSolution
		SolutionGuid = {5D36181A-13E8-49AC-93EE-0F7A84648630}
	EndGlobalSection
EndGlobal
